
Microsoft Visual Studio Solution File, Format Version 12.00
# Visual Studio Version 17
VisualStudioVersion = 17.13.35806.99 d17.13
MinimumVisualStudioVersion = 10.0.40219.1
Project("{FAE04EC0-301F-11D3-BF4B-00C04F79EFBC}") = "HadithAPI", "HadithAPI\HadithAPI.csproj", "{3A20CF8B-631A-4065-9E12-8F9C795FA676}"
EndProject
Global
	GlobalSection(SolutionConfigurationPlatforms) = preSolution
		Debug|Any CPU = Debug|Any CPU
		Release|Any CPU = Release|Any CPU
	EndGlobalSection
	GlobalSection(ProjectConfigurationPlatforms) = postSolution
		{3A20CF8B-631A-4065-9E12-8F9C795FA676}.Debug|Any CPU.ActiveCfg = Debug|Any CPU
		{3A20CF8B-631A-4065-9E12-8F9C795FA676}.Debug|Any CPU.Build.0 = Debug|Any CPU
		{3A20CF8B-631A-4065-9E12-8F9C795FA676}.Release|Any CPU.ActiveCfg = Release|Any CPU
		{3A20CF8B-631A-4065-9E12-8F9C795FA676}.Release|Any CPU.Build.0 = Release|Any CPU
	EndGlobalSection
	GlobalSection(SolutionProperties) = preSolution
		HideSolutionNode = FALSE
	EndGlobalSection
	GlobalSection(ExtensibilityGlobals) = postSolution
		SolutionGuid = {058892EF-D2EE-46C7-801C-1FE51E1CBE62}
	EndGlobalSection
EndGlobal
